
Microsoft Visual Studio Solution File, Format Version 12.00
# Visual Studio Version 16
VisualStudioVersion = 16.0.29411.108
MinimumVisualStudioVersion = 10.0.40219.1
Project("{9A19103F-16F7-4668-BE54-9A1E7A4F7556}") = "GrpcGreeter", "GrpcGreeter\GrpcGreeter.csproj", "{095DF371-9EB5-4310-AEC1-611483889A18}"
EndProject
Project("{FAE04EC0-301F-11D3-BF4B-00C04F79EFBC}") = "PostComment", "PostComment\PostComment.csproj", "{85B54F4C-AF02-44E8-96FA-05349141CDDE}"
EndProject
Global
	GlobalSection(SolutionConfigurationPlatforms) = preSolution
		Debug|Any CPU = Debug|Any CPU
		Release|Any CPU = Release|Any CPU
	EndGlobalSection
	GlobalSection(ProjectConfigurationPlatforms) = postSolution
		{095DF371-9EB5-4310-AEC1-611483889A18}.Debug|Any CPU.ActiveCfg = Debug|Any CPU
		{095DF371-9EB5-4310-AEC1-611483889A18}.Debug|Any CPU.Build.0 = Debug|Any CPU
		{095DF371-9EB5-4310-AEC1-611483889A18}.Release|Any CPU.ActiveCfg = Release|Any CPU
		{095DF371-9EB5-4310-AEC1-611483889A18}.Release|Any CPU.Build.0 = Release|Any CPU
		{85B54F4C-AF02-44E8-96FA-05349141CDDE}.Debug|Any CPU.ActiveCfg = Debug|Any CPU
		{85B54F4C-AF02-44E8-96FA-05349141CDDE}.Debug|Any CPU.Build.0 = Debug|Any CPU
		{85B54F4C-AF02-44E8-96FA-05349141CDDE}.Release|Any CPU.ActiveCfg = Release|Any CPU
		{85B54F4C-AF02-44E8-96FA-05349141CDDE}.Release|Any CPU.Build.0 = Release|Any CPU
	EndGlobalSection
	GlobalSection(SolutionProperties) = preSolution
		HideSolutionNode = FALSE
	EndGlobalSection
	GlobalSection(ExtensibilityGlobals) = postSolution
		SolutionGuid = {2AE710B8-AA7E-4AAE-9B37-78844D64D326}
	EndGlobalSection
EndGlobal
